
Microsoft Visual Studio Solution File, Format Version 12.00
# Visual Studio Version 17
VisualStudioVersion = 17.13.35806.99 d17.13
MinimumVisualStudioVersion = 10.0.40219.1
Project("{FAE04EC0-301F-11D3-BF4B-00C04F79EFBC}") = "Snake-game", "Snake-game.csproj", "{115B5717-A921-4A07-8A1A-0BFE744BA792}"
EndProject
Global
	GlobalSection(SolutionConfigurationPlatforms) = preSolution
		Debug|Any CPU = Debug|Any CPU
		Release|Any CPU = Release|Any CPU
	EndGlobalSection
	GlobalSection(ProjectConfigurationPlatforms) = postSolution
		{115B5717-A921-4A07-8A1A-0BFE744BA792}.Debug|Any CPU.ActiveCfg = Debug|Any CPU
		{115B5717-A921-4A07-8A1A-0BFE744BA792}.Debug|Any CPU.Build.0 = Debug|Any CPU
		{115B5717-A921-4A07-8A1A-0BFE744BA792}.Release|Any CPU.ActiveCfg = Release|Any CPU
		{115B5717-A921-4A07-8A1A-0BFE744BA792}.Release|Any CPU.Build.0 = Release|Any CPU
	EndGlobalSection
	GlobalSection(SolutionProperties) = preSolution
		HideSolutionNode = FALSE
	EndGlobalSection
	GlobalSection(ExtensibilityGlobals) = postSolution
		SolutionGuid = {6474E132-19F6-4807-B14E-0522895AF9CB}
	EndGlobalSection
EndGlobal
